// !$*UTF8*$!
{
	archiveVersion = 1;
	classes = {
	};
	objectVersion = 52;
	objects = {

/* Begin PBXBuildFile section */
		ECF3020C260E8343008B765E /* AppDelegate.swift in Sources */ = {isa = PBXBuildFile; fileRef = ECF3020B260E8343008B765E /* AppDelegate.swift */; };
		ECF3020E260E8343008B765E /* SceneDelegate.swift in Sources */ = {isa = PBXBuildFile; fileRef = ECF3020D260E8343008B765E /* SceneDelegate.swift */; };
		ECF30210260E8343008B765E /* ViewController.swift in Sources */ = {isa = PBXBuildFile; fileRef = ECF3020F260E8343008B765E /* ViewController.swift */; };
		ECF30213260E8343008B765E /* Main.storyboard in Resources */ = {isa = PBXBuildFile; fileRef = ECF30211260E8343008B765E /* Main.storyboard */; };
		ECF30215260E8344008B765E /* Assets.xcassets in Resources */ = {isa = PBXBuildFile; fileRef = ECF30214260E8344008B765E /* Assets.xcassets */; };
		ECF30218260E8344008B765E /* LaunchScreen.storyboard in Resources */ = {isa = PBXBuildFile; fileRef = ECF30216260E8344008B765E /* LaunchScreen.storyboard */; };
		ECF30223260E83D8008B765E /* D1StatusItem.swift in Sources */ = {isa = PBXBuildFile; fileRef = ECF30222260E83D8008B765E /* D1StatusItem.swift */; };
		ECF30228260E85B1008B765E /* ButtonStatusListCell.swift in Sources */ = {isa = PBXBuildFile; fileRef = ECF30225260E85B1008B765E /* ButtonStatusListCell.swift */; };
		ECF30229260E85B1008B765E /* ButtonStatusListConfiguration.swift in Sources */ = {isa = PBXBuildFile; fileRef = ECF30226260E85B1008B765E /* ButtonStatusListConfiguration.swift */; };
		ECF3022A260E85B1008B765E /* ButtonStatusListCell.xib in Resources */ = {isa = PBXBuildFile; fileRef = ECF30227260E85B1008B765E /* ButtonStatusListCell.xib */; };
		ECF3022E260E85DB008B765E /* Logging in Frameworks */ = {isa = PBXBuildFile; productRef = ECF3022D260E85DB008B765E /* Logging */; };
		ECF30231260E8622008B765E /* UIView.swift in Sources */ = {isa = PBXBuildFile; fileRef = ECF30230260E8622008B765E /* UIView.swift */; };
		ECF30234260E8739008B765E /* isMac.swift in Sources */ = {isa = PBXBuildFile; fileRef = ECF30233260E8739008B765E /* isMac.swift */; };
		ECF30237260E8893008B765E /* ServerActivity.swift in Sources */ = {isa = PBXBuildFile; fileRef = ECF30236260E8893008B765E /* ServerActivity.swift */; };
		ECF3023A260F8B8B008B765E /* D1StatusSection.swift in Sources */ = {isa = PBXBuildFile; fileRef = ECF30239260F8B8B008B765E /* D1StatusSection.swift */; };
/* End PBXBuildFile section */

/* Begin PBXFileReference section */
		ECF30208260E8343008B765E /* CellMemLeak.app */ = {isa = PBXFileReference; explicitFileType = wrapper.application; includeInIndex = 0; path = CellMemLeak.app; sourceTree = BUILT_PRODUCTS_DIR; };
		ECF3020B260E8343008B765E /* AppDelegate.swift */ = {isa = PBXFileReference; lastKnownFileType = sourcecode.swift; path = AppDelegate.swift; sourceTree = "<group>"; };
		ECF3020D260E8343008B765E /* SceneDelegate.swift */ = {isa = PBXFileReference; lastKnownFileType = sourcecode.swift; path = SceneDelegate.swift; sourceTree = "<group>"; };
		ECF3020F260E8343008B765E /* ViewController.swift */ = {isa = PBXFileReference; lastKnownFileType = sourcecode.swift; path = ViewController.swift; sourceTree = "<group>"; };
		ECF30212260E8343008B765E /* Base */ = {isa = PBXFileReference; lastKnownFileType = file.storyboard; name = Base; path = Base.lproj/Main.storyboard; sourceTree = "<group>"; };
		ECF30214260E8344008B765E /* Assets.xcassets */ = {isa = PBXFileReference; lastKnownFileType = folder.assetcatalog; path = Assets.xcassets; sourceTree = "<group>"; };
		ECF30217260E8344008B765E /* Base */ = {isa = PBXFileReference; lastKnownFileType = file.storyboard; name = Base; path = Base.lproj/LaunchScreen.storyboard; sourceTree = "<group>"; };
		ECF30219260E8344008B765E /* Info.plist */ = {isa = PBXFileReference; lastKnownFileType = text.plist.xml; path = Info.plist; sourceTree = "<group>"; };
		ECF30220260E839F008B765E /* CellMemLeak.entitlements */ = {isa = PBXFileReference; lastKnownFileType = text.plist.entitlements; path = CellMemLeak.entitlements; sourceTree = "<group>"; };
		ECF30222260E83D8008B765E /* D1StatusItem.swift */ = {isa = PBXFileReference; lastKnownFileType = sourcecode.swift; path = D1StatusItem.swift; sourceTree = "<group>"; };
		ECF30225260E85B1008B765E /* ButtonStatusListCell.swift */ = {isa = PBXFileReference; fileEncoding = 4; lastKnownFileType = sourcecode.swift; path = ButtonStatusListCell.swift; sourceTree = "<group>"; };
		ECF30226260E85B1008B765E /* ButtonStatusListConfiguration.swift */ = {isa = PBXFileReference; fileEncoding = 4; lastKnownFileType = sourcecode.swift; path = ButtonStatusListConfiguration.swift; sourceTree = "<group>"; };
		ECF30227260E85B1008B765E /* ButtonStatusListCell.xib */ = {isa = PBXFileReference; fileEncoding = 4; lastKnownFileType = file.xib; path = ButtonStatusListCell.xib; sourceTree = "<group>"; };
		ECF30230260E8622008B765E /* UIView.swift */ = {isa = PBXFileReference; fileEncoding = 4; lastKnownFileType = sourcecode.swift; path = UIView.swift; sourceTree = "<group>"; };
		ECF30233260E8739008B765E /* isMac.swift */ = {isa = PBXFileReference; lastKnownFileType = sourcecode.swift; path = isMac.swift; sourceTree = "<group>"; };
		ECF30236260E8893008B765E /* ServerActivity.swift */ = {isa = PBXFileReference; lastKnownFileType = sourcecode.swift; path = ServerActivity.swift; sourceTree = "<group>"; };
		ECF30239260F8B8B008B765E /* D1StatusSection.swift */ = {isa = PBXFileReference; lastKnownFileType = sourcecode.swift; path = D1StatusSection.swift; sourceTree = "<group>"; };
/* End PBXFileReference section */

/* Begin PBXFrameworksBuildPhase section */
		ECF30205260E8343008B765E /* Frameworks */ = {
			isa = PBXFrameworksBuildPhase;
			buildActionMask = 2147483647;
			files = (
				ECF3022E260E85DB008B765E /* Logging in Frameworks */,
			);
			runOnlyForDeploymentPostprocessing = 0;
		};
/* End PBXFrameworksBuildPhase section */

/* Begin PBXGroup section */
		ECF301FF260E8343008B765E = {
			isa = PBXGroup;
			children = (
				ECF3020A260E8343008B765E /* CellMemLeak */,
				ECF30209260E8343008B765E /* Products */,
			);
			sourceTree = "<group>";
		};
		ECF30209260E8343008B765E /* Products */ = {
			isa = PBXGroup;
			children = (
				ECF30208260E8343008B765E /* CellMemLeak.app */,
			);
			name = Products;
			sourceTree = "<group>";
		};
		ECF3020A260E8343008B765E /* CellMemLeak */ = {
			isa = PBXGroup;
			children = (
				ECF30220260E839F008B765E /* CellMemLeak.entitlements */,
				ECF3020B260E8343008B765E /* AppDelegate.swift */,
				ECF3020D260E8343008B765E /* SceneDelegate.swift */,
				ECF3020F260E8343008B765E /* ViewController.swift */,
				ECF30222260E83D8008B765E /* D1StatusItem.swift */,
				ECF30239260F8B8B008B765E /* D1StatusSection.swift */,
				ECF30225260E85B1008B765E /* ButtonStatusListCell.swift */,
				ECF30227260E85B1008B765E /* ButtonStatusListCell.xib */,
				ECF30226260E85B1008B765E /* ButtonStatusListConfiguration.swift */,
				ECF30230260E8622008B765E /* UIView.swift */,
				ECF30233260E8739008B765E /* isMac.swift */,
				ECF30236260E8893008B765E /* ServerActivity.swift */,
				ECF30211260E8343008B765E /* Main.storyboard */,
				ECF30214260E8344008B765E /* Assets.xcassets */,
				ECF30216260E8344008B765E /* LaunchScreen.storyboard */,
				ECF30219260E8344008B765E /* Info.plist */,
			);
			path = CellMemLeak;
			sourceTree = "<group>";
		};
/* End PBXGroup section */

/* Begin PBXNativeTarget section */
		ECF30207260E8343008B765E /* CellMemLeak */ = {
			isa = PBXNativeTarget;
			buildConfigurationList = ECF3021C260E8344008B765E /* Build configuration list for PBXNativeTarget "CellMemLeak" */;
			buildPhases = (
				ECF30204260E8343008B765E /* Sources */,
				ECF30205260E8343008B765E /* Frameworks */,
				ECF30206260E8343008B765E /* Resources */,
			);
			buildRules = (
			);
			dependencies = (
			);
			name = CellMemLeak;
			packageProductDependencies = (
				ECF3022D260E85DB008B765E /* Logging */,
			);
			productName = CellMemLeak;
			productReference = ECF30208260E8343008B765E /* CellMemLeak.app */;
			productType = "com.apple.product-type.application";
		};
/* End PBXNativeTarget section */

/* Begin PBXProject section */
		ECF30200260E8343008B765E /* Project object */ = {
			isa = PBXProject;
			attributes = {
				LastSwiftUpdateCheck = 1240;
				LastUpgradeCheck = 1240;
				TargetAttributes = {
					ECF30207260E8343008B765E = {
						CreatedOnToolsVersion = 12.4;
					};
				};
			};
			buildConfigurationList = ECF30203260E8343008B765E /* Build configuration list for PBXProject "CellMemLeak" */;
			compatibilityVersion = "Xcode 9.3";
			developmentRegion = en;
			hasScannedForEncodings = 0;
			knownRegions = (
				en,
				Base,
			);
			mainGroup = ECF301FF260E8343008B765E;
			packageReferences = (
				ECF3022C260E85DB008B765E /* XCRemoteSwiftPackageReference "swift-log" */,
			);
			productRefGroup = ECF30209260E8343008B765E /* Products */;
			projectDirPath = "";
			projectRoot = "";
			targets = (
				ECF30207260E8343008B765E /* CellMemLeak */,
			);
		};
/* End PBXProject section */

/* Begin PBXResourcesBuildPhase section */
		ECF30206260E8343008B765E /* Resources */ = {
			isa = PBXResourcesBuildPhase;
			buildActionMask = 2147483647;
			files = (
				ECF30218260E8344008B765E /* LaunchScreen.storyboard in Resources */,
				ECF3022A260E85B1008B765E /* ButtonStatusListCell.xib in Resources */,
				ECF30215260E8344008B765E /* Assets.xcassets in Resources */,
				ECF30213260E8343008B765E /* Main.storyboard in Resources */,
			);
			runOnlyForDeploymentPostprocessing = 0;
		};
/* End PBXResourcesBuildPhase section */

/* Begin PBXSourcesBuildPhase section */
		ECF30204260E8343008B765E /* Sources */ = {
			isa = PBXSourcesBuildPhase;
			buildActionMask = 2147483647;
			files = (
				ECF30210260E8343008B765E /* ViewController.swift in Sources */,
				ECF30223260E83D8008B765E /* D1StatusItem.swift in Sources */,
				ECF30229260E85B1008B765E /* ButtonStatusListConfiguration.swift in Sources */,
				ECF30234260E8739008B765E /* isMac.swift in Sources */,
				ECF30237260E8893008B765E /* ServerActivity.swift in Sources */,
				ECF30231260E8622008B765E /* UIView.swift in Sources */,
				ECF3023A260F8B8B008B765E /* D1StatusSection.swift in Sources */,
				ECF30228260E85B1008B765E /* ButtonStatusListCell.swift in Sources */,
				ECF3020C260E8343008B765E /* AppDelegate.swift in Sources */,
				ECF3020E260E8343008B765E /* SceneDelegate.swift in Sources */,
			);
			runOnlyForDeploymentPostprocessing = 0;
		};
/* End PBXSourcesBuildPhase section */

/* Begin PBXVariantGroup section */
		ECF30211260E8343008B765E /* Main.storyboard */ = {
			isa = PBXVariantGroup;
			children = (
				ECF30212260E8343008B765E /* Base */,
			);
			name = Main.storyboard;
			sourceTree = "<group>";
		};
		ECF30216260E8344008B765E /* LaunchScreen.storyboard */ = {
			isa = PBXVariantGroup;
			children = (
				ECF30217260E8344008B765E /* Base */,
			);
			name = LaunchScreen.storyboard;
			sourceTree = "<group>";
		};
/* End PBXVariantGroup section */

/* Begin XCBuildConfiguration section */
		ECF3021A260E8344008B765E /* Debug */ = {
			isa = XCBuildConfiguration;
			buildSettings = {
				ALWAYS_SEARCH_USER_PATHS = NO;
				CLANG_ANALYZER_NONNULL = YES;
				CLANG_ANALYZER_NUMBER_OBJECT_CONVERSION = YES_AGGRESSIVE;
				CLANG_CXX_LANGUAGE_STANDARD = "gnu++14";
				CLANG_CXX_LIBRARY = "libc++";
				CLANG_ENABLE_MODULES = YES;
				CLANG_ENABLE_OBJC_ARC = YES;
				CLANG_ENABLE_OBJC_WEAK = YES;
				CLANG_WARN_BLOCK_CAPTURE_AUTORELEASING = YES;
				CLANG_WARN_BOOL_CONVERSION = YES;
				CLANG_WARN_COMMA = YES;
				CLANG_WARN_CONSTANT_CONVERSION = YES;
				CLANG_WARN_DEPRECATED_OBJC_IMPLEMENTATIONS = YES;
				CLANG_WARN_DIRECT_OBJC_ISA_USAGE = YES_ERROR;
				CLANG_WARN_DOCUMENTATION_COMMENTS = YES;
				CLANG_WARN_EMPTY_BODY = YES;
				CLANG_WARN_ENUM_CONVERSION = YES;
				CLANG_WARN_INFINITE_RECURSION = YES;
				CLANG_WARN_INT_CONVERSION = YES;
				CLANG_WARN_NON_LITERAL_NULL_CONVERSION = YES;
				CLANG_WARN_OBJC_IMPLICIT_RETAIN_SELF = YES;
				CLANG_WARN_OBJC_LITERAL_CONVERSION = YES;
				CLANG_WARN_OBJC_ROOT_CLASS = YES_ERROR;
				CLANG_WARN_QUOTED_INCLUDE_IN_FRAMEWORK_HEADER = YES;
				CLANG_WARN_RANGE_LOOP_ANALYSIS = YES;
				CLANG_WARN_STRICT_PROTOTYPES = YES;
				CLANG_WARN_SUSPICIOUS_MOVE = YES;
				CLANG_WARN_UNGUARDED_AVAILABILITY = YES_AGGRESSIVE;
				CLANG_WARN_UNREACHABLE_CODE = YES;
				CLANG_WARN__DUPLICATE_METHOD_MATCH = YES;
				COPY_PHASE_STRIP = NO;
				DEBUG_INFORMATION_FORMAT = dwarf;
				ENABLE_STRICT_OBJC_MSGSEND = YES;
				ENABLE_TESTABILITY = YES;
				GCC_C_LANGUAGE_STANDARD = gnu11;
				GCC_DYNAMIC_NO_PIC = NO;
				GCC_NO_COMMON_BLOCKS = YES;
				GCC_OPTIMIZATION_LEVEL = 0;
				GCC_PREPROCESSOR_DEFINITIONS = (
					"DEBUG=1",
					"$(inherited)",
				);
				GCC_WARN_64_TO_32_BIT_CONVERSION = YES;
				GCC_WARN_ABOUT_RETURN_TYPE = YES_ERROR;
				GCC_WARN_UNDECLARED_SELECTOR = YES;
				GCC_WARN_UNINITIALIZED_AUTOS = YES_AGGRESSIVE;
				GCC_WARN_UNUSED_FUNCTION = YES;
				GCC_WARN_UNUSED_VARIABLE = YES;
				IPHONEOS_DEPLOYMENT_TARGET = 14.4;
				MTL_ENABLE_DEBUG_INFO = INCLUDE_SOURCE;
				MTL_FAST_MATH = YES;
				ONLY_ACTIVE_ARCH = YES;
				SDKROOT = iphoneos;
				SWIFT_ACTIVE_COMPILATION_CONDITIONS = DEBUG;
				SWIFT_OPTIMIZATION_LEVEL = "-Onone";
			};
			name = Debug;
		};
		ECF3021B260E8344008B765E /* Release */ = {
			isa = XCBuildConfiguration;
			buildSettings = {
				ALWAYS_SEARCH_USER_PATHS = NO;
				CLANG_ANALYZER_NONNULL = YES;
				CLANG_ANALYZER_NUMBER_OBJECT_CONVERSION = YES_AGGRESSIVE;
				CLANG_CXX_LANGUAGE_STANDARD = "gnu++14";
				CLANG_CXX_LIBRARY = "libc++";
				CLANG_ENABLE_MODULES = YES;
				CLANG_ENABLE_OBJC_ARC = YES;
				CLANG_ENABLE_OBJC_WEAK = YES;
				CLANG_WARN_BLOCK_CAPTURE_AUTORELEASING = YES;
				CLANG_WARN_BOOL_CONVERSION = YES;
				CLANG_WARN_COMMA = YES;
				CLANG_WARN_CONSTANT_CONVERSION = YES;
				CLANG_WARN_DEPRECATED_OBJC_IMPLEMENTATIONS = YES;
				CLANG_WARN_DIRECT_OBJC_ISA_USAGE = YES_ERROR;
				CLANG_WARN_DOCUMENTATION_COMMENTS = YES;
				CLANG_WARN_EMPTY_BODY = YES;
				CLANG_WARN_ENUM_CONVERSION = YES;
				CLANG_WARN_INFINITE_RECURSION = YES;
				CLANG_WARN_INT_CONVERSION = YES;
				CLANG_WARN_NON_LITERAL_NULL_CONVERSION = YES;
				CLANG_WARN_OBJC_IMPLICIT_RETAIN_SELF = YES;
				CLANG_WARN_OBJC_LITERAL_CONVERSION = YES;
				CLANG_WARN_OBJC_ROOT_CLASS = YES_ERROR;
				CLANG_WARN_QUOTED_INCLUDE_IN_FRAMEWORK_HEADER = YES;
				CLANG_WARN_RANGE_LOOP_ANALYSIS = YES;
				CLANG_WARN_STRICT_PROTOTYPES = YES;
				CLANG_WARN_SUSPICIOUS_MOVE = YES;
				CLANG_WARN_UNGUARDED_AVAILABILITY = YES_AGGRESSIVE;
				CLANG_WARN_UNREACHABLE_CODE = YES;
				CLANG_WARN__DUPLICATE_METHOD_MATCH = YES;
				COPY_PHASE_STRIP = NO;
				DEBUG_INFORMATION_FORMAT = "dwarf-with-dsym";
				ENABLE_NS_ASSERTIONS = NO;
				ENABLE_STRICT_OBJC_MSGSEND = YES;
				GCC_C_LANGUAGE_STANDARD = gnu11;
				GCC_NO_COMMON_BLOCKS = YES;
				GCC_WARN_64_TO_32_BIT_CONVERSION = YES;
				GCC_WARN_ABOUT_RETURN_TYPE = YES_ERROR;
				GCC_WARN_UNDECLARED_SELECTOR = YES;
				GCC_WARN_UNINITIALIZED_AUTOS = YES_AGGRESSIVE;
				GCC_WARN_UNUSED_FUNCTION = YES;
				GCC_WARN_UNUSED_VARIABLE = YES;
				IPHONEOS_DEPLOYMENT_TARGET = 14.4;
				MTL_ENABLE_DEBUG_INFO = NO;
				MTL_FAST_MATH = YES;
				SDKROOT = iphoneos;
				SWIFT_COMPILATION_MODE = wholemodule;
				SWIFT_OPTIMIZATION_LEVEL = "-O";
				VALIDATE_PRODUCT = YES;
			};
			name = Release;
		};
		ECF3021D260E8344008B765E /* Debug */ = {
			isa = XCBuildConfiguration;
			buildSettings = {
				ASSETCATALOG_COMPILER_APPICON_NAME = AppIcon;
				ASSETCATALOG_COMPILER_GLOBAL_ACCENT_COLOR_NAME = AccentColor;
				CODE_SIGN_ENTITLEMENTS = CellMemLeak/CellMemLeak.entitlements;
				CODE_SIGN_STYLE = Automatic;
				DEVELOPMENT_TEAM = XDMGL459YN;
				INFOPLIST_FILE = CellMemLeak/Info.plist;
				LD_RUNPATH_SEARCH_PATHS = (
					"$(inherited)",
					"@executable_path/Frameworks",
				);
				PRODUCT_BUNDLE_IDENTIFIER = io.oakcity.CellMemLeak;
				PRODUCT_NAME = "$(TARGET_NAME)";
				SUPPORTS_MACCATALYST = YES;
				SWIFT_VERSION = 5.0;
				TARGETED_DEVICE_FAMILY = "1,2";
			};
			name = Debug;
		};
		ECF3021E260E8344008B765E /* Release */ = {
			isa = XCBuildConfiguration;
			buildSettings = {
				ASSETCATALOG_COMPILER_APPICON_NAME = AppIcon;
				ASSETCATALOG_COMPILER_GLOBAL_ACCENT_COLOR_NAME = AccentColor;
				CODE_SIGN_ENTITLEMENTS = CellMemLeak/CellMemLeak.entitlements;
				CODE_SIGN_STYLE = Automatic;
				DEVELOPMENT_TEAM = XDMGL459YN;
				INFOPLIST_FILE = CellMemLeak/Info.plist;
				LD_RUNPATH_SEARCH_PATHS = (
					"$(inherited)",
					"@executable_path/Frameworks",
				);
				PRODUCT_BUNDLE_IDENTIFIER = io.oakcity.CellMemLeak;
				PRODUCT_NAME = "$(TARGET_NAME)";
				SUPPORTS_MACCATALYST = YES;
				SWIFT_VERSION = 5.0;
				TARGETED_DEVICE_FAMILY = "1,2";
			};
			name = Release;
		};
/* End XCBuildConfiguration section */

/* Begin XCConfigurationList section */
		ECF30203260E8343008B765E /* Build configuration list for PBXProject "CellMemLeak" */ = {
			isa = XCConfigurationList;
			buildConfigurations = (
				ECF3021A260E8344008B765E /* Debug */,
				ECF3021B260E8344008B765E /* Release */,
			);
			defaultConfigurationIsVisible = 0;
			defaultConfigurationName = Release;
		};
		ECF3021C260E8344008B765E /* Build configuration list for PBXNativeTarget "CellMemLeak" */ = {
			isa = XCConfigurationList;
			buildConfigurations = (
				ECF3021D260E8344008B765E /* Debug */,
				ECF3021E260E8344008B765E /* Release */,
			);
			defaultConfigurationIsVisible = 0;
			defaultConfigurationName = Release;
		};
/* End XCConfigurationList section */

/* Begin XCRemoteSwiftPackageReference section */
		ECF3022C260E85DB008B765E /* XCRemoteSwiftPackageReference "swift-log" */ = {
			isa = XCRemoteSwiftPackageReference;
			repositoryURL = "https://github.com/apple/swift-log.git";
			requirement = {
				kind = upToNextMajorVersion;
				minimumVersion = 1.4.2;
			};
		};
/* End XCRemoteSwiftPackageReference section */

/* Begin XCSwiftPackageProductDependency section */
		ECF3022D260E85DB008B765E /* Logging */ = {
			isa = XCSwiftPackageProductDependency;
			package = ECF3022C260E85DB008B765E /* XCRemoteSwiftPackageReference "swift-log" */;
			productName = Logging;
		};
/* End XCSwiftPackageProductDependency section */
	};
	rootObject = ECF30200260E8343008B765E /* Project object */;
}
